hash: 138e3776711fe7715e62fdb7b92ef421a7597e6b1be1af286b9167e917a40407
updated: 2019-04-16T20:33:22.393549+08:00
imports:
- name: github.com/apache/pulsar
  version: 7a6f2cca0fdb01e4a1ea1c72d907217a13af8ff1
  subpackages:
  - pulsar-client-go/logutil
  - pulsar-client-go/pulsar
- name: github.com/DataDog/zstd
  version: 69c5189b6513b1503c9c5332fb2e96362e51d547
- name: github.com/davecgh/go-spew
  version: d8f796af33cc11cb798c1aaeb27a4ebc5099927d
  subpackages:
  - spew
- name: github.com/docker/distribution
  version: 6d62eb1d4a3515399431b713fde3ce5a9b40e8d5
  subpackages:
  - digestset
  - reference
  - registry/api/errcode
- name: github.com/docker/docker
  version: ad9362bb1567da92096ed3d74968bf3feb643fce
  subpackages:
  - api
  - api/types
  - api/types/blkiodev
  - api/types/container
  - api/types/events
  - api/types/filters
  - api/types/image
  - api/types/mount
  - api/types/network
  - api/types/registry
  - api/types/strslice
  - api/types/swarm
  - api/types/swarm/runtime
  - api/types/time
  - api/types/versions
  - api/types/volume
  - client
  - errdefs
- name: github.com/docker/go-connections
  version: 97c2040d34dfae1d1b1275fa3a78dbdd2f41cf7e
  subpackages:
  - nat
  - sockets
  - tlsconfig
- name: github.com/docker/go-units
  version: 2fb04c6466a548a03cb009c5569ee1ab1e35398e
- name: github.com/dustin/go-humanize
  version: 9f541cc9db5d55bce703bd99987c9d5cb8eea45e
- name: github.com/eapache/go-resiliency
  version: 842e16ec2c98ef0c59eebfe60d2d3500a793ba19
  subpackages:
  - breaker
- name: github.com/eapache/go-xerial-snappy
  version: 776d5712da21bc4762676d614db1d8a64f4238b0
- name: github.com/eapache/queue
  version: 093482f3f8ce946c05bcba64badd2c82369e084d
- name: github.com/elastic/beats
  version: da192b7d09af1d735cef19ea7816b8b8a5d4a323
  subpackages:
  - filebeat/autodiscover
  - filebeat/autodiscover/builder/hints
  - filebeat/beater
  - filebeat/channel
  - filebeat/cmd
  - filebeat/config
  - filebeat/crawler
  - filebeat/fileset
  - filebeat/generator
  - filebeat/harvester
  - filebeat/include
  - filebeat/input
  - filebeat/input/docker
  - filebeat/input/file
  - filebeat/input/log
  - filebeat/input/redis
  - filebeat/input/stdin
  - filebeat/input/syslog
  - filebeat/input/tcp
  - filebeat/input/udp
  - filebeat/inputsource
  - filebeat/inputsource/tcp
  - filebeat/inputsource/udp
  - filebeat/module/apache
  - filebeat/module/auditd
  - filebeat/module/elasticsearch
  - filebeat/module/haproxy
  - filebeat/module/icinga
  - filebeat/module/iis
  - filebeat/module/kafka
  - filebeat/module/kibana
  - filebeat/module/logstash
  - filebeat/module/mongodb
  - filebeat/module/mysql
  - filebeat/module/nginx
  - filebeat/module/osquery
  - filebeat/module/postgresql
  - filebeat/module/redis
  - filebeat/module/santa
  - filebeat/module/system
  - filebeat/module/traefik
  - filebeat/processor/add_kubernetes_metadata
  - filebeat/registrar
  - filebeat/util
  - libbeat/api
  - libbeat/asset
  - libbeat/autodiscover
  - libbeat/autodiscover/appenders/config
  - libbeat/autodiscover/builder
  - libbeat/autodiscover/meta
  - libbeat/autodiscover/providers/docker
  - libbeat/autodiscover/providers/jolokia
  - libbeat/autodiscover/providers/kubernetes
  - libbeat/autodiscover/template
  - libbeat/beat
  - libbeat/cfgfile
  - libbeat/cloudid
  - libbeat/cmd
  - libbeat/cmd/export
  - libbeat/cmd/instance
  - libbeat/cmd/test
  - libbeat/common
  - libbeat/common/atomic
  - libbeat/common/backoff
  - libbeat/common/bus
  - libbeat/common/cfgtype
  - libbeat/common/cfgwarn
  - libbeat/common/cli
  - libbeat/common/docker
  - libbeat/common/dtfmt
  - libbeat/common/file
  - libbeat/common/fmtstr
  - libbeat/common/jsontransform
  - libbeat/common/kafka
  - libbeat/common/kubernetes
  - libbeat/common/match
  - libbeat/common/reload
  - libbeat/common/safemapstr
  - libbeat/common/schema
  - libbeat/common/schema/mapstriface
  - libbeat/common/seccomp
  - libbeat/common/streambuf
  - libbeat/common/terminal
  - libbeat/common/transport/tlscommon
  - libbeat/conditions
  - libbeat/dashboards
  - libbeat/feature
  - libbeat/idxmgmt
  - libbeat/idxmgmt/ilm
  - libbeat/keystore
  - libbeat/kibana
  - libbeat/logp
  - libbeat/logp/configure
  - libbeat/management
  - libbeat/metric/system/cpu
  - libbeat/metric/system/host
  - libbeat/metric/system/memory
  - libbeat/metric/system/process
  - libbeat/ml-importer
  - libbeat/monitoring
  - libbeat/monitoring/adapter
  - libbeat/monitoring/report
  - libbeat/monitoring/report/elasticsearch
  - libbeat/monitoring/report/log
  - libbeat/outputs
  - libbeat/outputs/codec
  - libbeat/outputs/codec/format
  - libbeat/outputs/codec/json
  - libbeat/outputs/console
  - libbeat/outputs/elasticsearch
  - libbeat/outputs/fileout
  - libbeat/outputs/kafka
  - libbeat/outputs/logstash
  - libbeat/outputs/outest
  - libbeat/outputs/outil
  - libbeat/outputs/redis
  - libbeat/outputs/transport
  - libbeat/paths
  - libbeat/plugin
  - libbeat/processors
  - libbeat/processors/actions
  - libbeat/processors/add_cloud_metadata
  - libbeat/processors/add_docker_metadata
  - libbeat/processors/add_host_metadata
  - libbeat/processors/add_kubernetes_metadata
  - libbeat/processors/add_locale
  - libbeat/processors/add_process_metadata
  - libbeat/processors/dissect
  - libbeat/processors/dns
  - libbeat/publisher
  - libbeat/publisher/includes
  - libbeat/publisher/pipeline
  - libbeat/publisher/processing
  - libbeat/publisher/queue
  - libbeat/publisher/queue/memqueue
  - libbeat/publisher/queue/spool
  - libbeat/reader
  - libbeat/reader/debug
  - libbeat/reader/multiline
  - libbeat/reader/readfile
  - libbeat/reader/readfile/encoding
  - libbeat/reader/readjson
  - libbeat/service
  - libbeat/template
  - libbeat/testing
  - libbeat/version
- name: github.com/elastic/ecs
  version: 718e73bd74d46272de034221180858ee2791ab9f
  subpackages:
  - code/go/ecs
- name: github.com/elastic/go-lumber
  version: 23fbfb3f47e548082d5287a2c106303b31504b17
  subpackages:
  - client/v2
  - protocol/v2
- name: github.com/elastic/go-seccomp-bpf
  version: 529f794719d6adb09389851088b419e9aa44f999
  subpackages:
  - arch
- name: github.com/elastic/go-structform
  version: 482477cd62c914b419607089375ea41cdb043c2e
  subpackages:
  - cborl
  - gotype
  - internal/unsafe
  - json
  - ubjson
  - visitors
- name: github.com/elastic/go-sysinfo
  version: fd25fda1079a3424026ad6403c70a8070c9c3bc8
  subpackages:
  - internal/registry
  - providers/darwin
  - providers/linux
  - providers/shared
  - providers/windows
  - types
- name: github.com/elastic/go-txfile
  version: 50f42f50142ddf3ea179a1425f67a0d96a8be7d0
  subpackages:
  - internal/cleanup
  - internal/invariant
  - internal/iter
  - internal/strbld
  - internal/tracelog
  - internal/vfs
  - internal/vfs/osfs
  - pq
  - txerr
- name: github.com/elastic/go-ucfg
  version: c5859d30d9ff1bf630e2dfbe1498ad3d1b7607ab
  subpackages:
  - cfgutil
  - flag
  - internal/parse
  - json
  - yaml
- name: github.com/elastic/go-windows
  version: bb1581babc04d5cb29a2bfa7a9ac6781c730c8dd
- name: github.com/elastic/gosigar
  version: 7bed2391b1d10309feac210aee9df44e8db2d060
  subpackages:
  - cgroup
  - sys
  - sys/linux
  - sys/windows
- name: github.com/ericchiang/k8s
  version: b68231b30f2d4d4e1fa2ed4c512ae4e6e04bb495
  subpackages:
  - apis/apps/v1beta1
  - apis/core/v1
  - apis/extensions/v1beta1
  - apis/meta/v1
  - apis/resource
  - runtime
  - runtime/schema
  - util/intstr
- name: github.com/fatih/color
  version: 3f9d52f7176a6927daacff70a3e8d1dc2025c53e
- name: github.com/garyburd/redigo
  version: 569eae59ada904ea8db7a225c2b47165af08735a
  subpackages:
  - internal
  - redis
- name: github.com/ghodss/yaml
  version: 25d852aebe32c875e9c044af3eef9c7dc6bc777f
- name: github.com/go-ole/go-ole
  version: 97b6244175ae18ea6eef668034fd6565847501c9
  subpackages:
  - oleutil
- name: github.com/gofrs/uuid
  version: 2593f3d8aa45b432942fe24758a279312d0f8719
- name: github.com/gogo/protobuf
  version: 67e450fba6944c63d2f80b7553b0ef522d345962
  subpackages:
  - proto
- name: github.com/golang/protobuf
  version: 1d3f30b51784bec5aad268e59fd3c2fc1c2fe73f
  subpackages:
  - proto
  - ptypes
  - ptypes/any
  - ptypes/duration
  - ptypes/timestamp
- name: github.com/golang/snappy
  version: 2a8bb927dd31d8daada140a5d09578521ce5c36a
- name: github.com/inconshreveable/mousetrap
  version: 76626ae9c91c4f2a10f34cad8ce83ea42c93bb75
- name: github.com/joeshaw/multierror
  version: 69b34d4ec901851247ae7e77d33909caf9df99ed
- name: github.com/klauspost/compress
  version: 30be6041bed523c18e269a700ebd9c2ea9328574
  subpackages:
  - flate
  - zlib
- name: github.com/klauspost/cpuid
  version: 0da02118eaa37aa89aea6776b464a4ad00990af1
- name: github.com/mattn/go-colorable
  version: 3a70a971f94a22f2fa562ffcc7a0eb45f5daf045
- name: github.com/mattn/go-isatty
  version: c2a7a6ca930a4cd0bc33a3f298eb71960732a3a7
- name: github.com/Microsoft/go-winio
  version: 84b4ab48a50763fe7b3abcef38e5205c12027fac
- name: github.com/miekg/dns
  version: cfee849963ab7a27e9597c40aee1e903f8e55ce2
- name: github.com/mitchellh/hashstructure
  version: a38c50148365edc8df43c1580c48fb2b3a1e9cd7
- name: github.com/opencontainers/go-digest
  version: ac19fd6e7483ff933754af248d80be865e543d22
- name: github.com/opencontainers/image-spec
  version: da296dcb1e473a9b4e2d148941d7faa9ac8fea3f
  subpackages:
  - specs-go
  - specs-go/v1
- name: github.com/pierrec/lz4
  version: 9419d2361c8ae111073ffe3337ecc364fb590921
  subpackages:
  - internal/xxh32
- name: github.com/pkg/errors
  version: 30136e27e2ac8d167177e8a583aa4c3fea5be833
- name: github.com/prometheus/procfs
  version: 1dc9a6cbc91aacc3e8b2d63db4d2e957a5394ac4
  subpackages:
  - internal/util
  - nfs
  - xfs
- name: github.com/rcrowley/go-metrics
  version: 3113b8401b8a98917cde58f8bbd42a1b1c03b1fd
- name: github.com/Shopify/sarama
  version: 2a49b70a5c87e2dac5801f72d80fd2732c1c7b75
- name: github.com/sirupsen/logrus
  version: f4ee69125072b22721efbe639bd0da9c9d19b8cc
- name: github.com/spf13/cobra
  version: 67fc4837d267bc9bfd6e47f77783fcc3dffc68de
- name: github.com/spf13/pflag
  version: 24fa6976df40757dce6aea913e7b81ade90530e1
- name: github.com/StackExchange/wmi
  version: e0a55b97c70558c92ce14085e41b35a894e93d3d
- name: github.com/theckman/go-flock
  version: 5135e617513b1e6e205a3a89b042249dee6730c8
- name: github.com/urso/go-bin
  version: 781c575c9f0eb3cb9dca94521bd7ad7d5aec7fd4
- name: go.uber.org/atomic
  version: 1ea20fb1cbb1cc08cbd0d913a96dead89aa18289
- name: go.uber.org/multierr
  version: 3c4937480c32f4c13a875a1829af76c98ca3d40a
- name: go.uber.org/zap
  version: badef736563f8135e0add3232b06f58656da03c8
  subpackages:
  - buffer
  - internal/bufferpool
  - internal/color
  - internal/exit
  - zapcore
  - zaptest/observer
- name: golang.org/x/crypto
  version: c7dcf104e3a7a1417abc0230cb0d5240d764159d
  subpackages:
  - ed25519
  - ed25519/internal/edwards25519
  - pbkdf2
  - ssh/terminal
- name: golang.org/x/net
  version: 1da14a5a36f220ea3f03470682b737b1dfd5de22
  subpackages:
  - bpf
  - context
  - http/httpguts
  - http2
  - http2/hpack
  - idna
  - internal/iana
  - internal/socket
  - internal/socks
  - ipv4
  - ipv6
  - proxy
- name: golang.org/x/sys
  version: 7dca6fe1f43775aa6d1334576870ff63f978f539
  subpackages:
  - unix
  - windows
  - windows/registry
  - windows/svc
  - windows/svc/debug
  - windows/svc/eventlog
- name: golang.org/x/text
  version: f4905fbd45b6790792202848439271c74074bbfd
  subpackages:
  - encoding
  - encoding/charmap
  - encoding/htmlindex
  - encoding/internal
  - encoding/internal/identifier
  - encoding/japanese
  - encoding/korean
  - encoding/simplifiedchinese
  - encoding/traditionalchinese
  - encoding/unicode
  - internal/language
  - internal/language/compact
  - internal/tag
  - internal/utf8internal
  - language
  - runes
  - secure/bidirule
  - transform
  - unicode/bidi
  - unicode/norm
- name: google.golang.org/genproto
  version: d1146b9035b912113a38af3b138eb2af567b2c67
  subpackages:
  - googleapis/rpc/status
- name: google.golang.org/grpc
  version: 3fc743058b25bc974180a7a61656554e31f92635
  subpackages:
  - codes
  - status
- name: gopkg.in/natefinch/lumberjack.v2
  version: a96e63847dc3c67d17befa69c303767e2f84e54f
- name: gopkg.in/yaml.v2
  version: 51d6538a90f86fe93ac480b35f37b2be17fef232
- name: howett.net/plist
  version: 591f970eefbbeb04d7b37f334a0c4c3256e32876
testImports:
- name: github.com/pmezard/go-difflib
  version: 5d4384ee4fb2527b0a1256a821ebfc92f91efefc
  subpackages:
  - difflib
- name: github.com/stretchr/testify
  version: ffdc059bfe9ce6a4e144ba849dbedead332c6053
  subpackages:
  - assert
