hash: 0bfad62124b19891daeb96699394d2b644b03010b85e37204eea62cff2db6352
updated: 2019-09-06T04:13:40.838222512Z
imports:
- name: 4d63.com/embedfiles
  version: 995e0740726f229e7f8b6a6b22bfb42e0674d208
- name: 4d63.com/tz
  version: acbe7ac603850b02c7bc4329a2354e389857bf18
- name: cloud.google.com/go
  version: 53d91b858620994d6ee9651f262762c10d9b640c
  subpackages:
  - compute/metadata
  - iam
  - internal/optional
  - internal/version
  - pubsub
  - pubsub/apiv1
  - pubsub/internal/distribution
- name: github.com/aerospike/aerospike-client-go
  version: 742e25ac83c546cebd01f09c8dc642dbb4ca618e
  subpackages:
  - internal/atomic
  - internal/lua
  - internal/lua/resources
  - internal/particle_type
  - logger
  - pkg/bcrypt
  - pkg/ripemd160
  - types
  - types/rand
  - utils/buffer
- name: github.com/apache/pulsar-client-go
  version: de147fa4f37447ea4207bda2f64b5e858941993b
  subpackages:
  - pkg/auth
  - pkg/compression
  - pkg/pb
  - pulsar
  - pulsar/internal
  - util
- name: github.com/aws/aws-lambda-go
  version: fe4f484f034626157ca7deb2ddb418ffac99a9a6
  subpackages:
  - events
  - lambda
  - lambda/handlertrace
  - lambda/messages
  - lambdacontext
- name: github.com/aws/aws-sdk-go-v2
  version: 92ea4c75f69e2f8eb70499c4b90c9d5bec0ae876
  subpackages:
  - aws
  - aws/arn
  - aws/awserr
  - aws/defaults
  - aws/ec2metadata
  - aws/ec2rolecreds
  - aws/endpointcreds
  - aws/endpoints
  - aws/external
  - aws/signer/v4
  - aws/stscreds
  - internal/awsutil
  - internal/ini
  - internal/sdk
  - internal/sdkmath
  - private/protocol
  - private/protocol/ec2query
  - private/protocol/json/jsonutil
  - private/protocol/jsonrpc
  - private/protocol/query
  - private/protocol/query/queryutil
  - private/protocol/rest
  - private/protocol/restxml
  - private/protocol/xml
  - private/protocol/xml/xmlutil
  - service/cloudformation
  - service/cloudformation/cloudformationiface
  - service/cloudwatch
  - service/cloudwatch/cloudwatchiface
  - service/ec2
  - service/ec2/ec2iface
  - service/rds
  - service/rds/rdsiface
  - service/resourcegroupstaggingapi
  - service/resourcegroupstaggingapi/resourcegroupstaggingapiiface
  - service/s3
  - service/sqs
  - service/sqs/sqsiface
  - service/sts
- name: github.com/awslabs/goformation
  version: b2d834c6de9c6e308ac6f3e73b4bcaedbd97ee59
  subpackages:
  - cloudformation
  - cloudformation/policies
  - cloudformation/resources
  - intrinsics
- name: github.com/BurntSushi/toml
  version: 3012a1dbe2e4bd1391d42b32f0577cb7bbc7f005
- name: github.com/containerd/containerd
  version: 672b86acf88710f881b81c74bb7334e813ea5ca8
  subpackages:
  - errdefs
- name: github.com/coreos/bbolt
  version: 35b666109344c1547e0135d0d17486746cc073f3
- name: github.com/coreos/go-systemd
  version: fd7a80b32e1fc73e890fde45604ed5009dc817a3
  subpackages:
  - sdjournal
- name: github.com/coreos/pkg
  version: 399ea9e2e55f791b6e3d920860dbecb99c3692f0
  subpackages:
  - dlopen
- name: github.com/DataDog/zstd
  version: 2347a397da4ee9c6b8226d4aff82c302d0e52773
- name: github.com/davecgh/go-spew
  version: 8991bc29aa16c548c550c7ff78260e27b9ab7c73
  subpackages:
  - spew
- name: github.com/deckarep/golang-set
  version: 699df6a3acf6867538e50931511e9dc403da108a
- name: github.com/denisenkom/go-mssqldb
  version: 62cf760a6c9ebb8ab413c1a8f1de5c7841648473
  subpackages:
  - internal/cp
  - internal/decimal
  - internal/querytext
- name: github.com/digitalocean/go-libvirt
  version: 7b622097a7937b5a62808a60f9708b106da3d7e2
  subpackages:
  - internal/constants
  - internal/go-xdr/xdr2
  - libvirttest
- name: github.com/dlclark/regexp2
  version: 5a37df65fb8b90da0c2126cbab004089d3a24390
  subpackages:
  - syntax
- name: github.com/docker/distribution
  version: 14b96e55d84c367ebab6caf9f0086de0876eec72
  subpackages:
  - digestset
  - reference
  - registry/api/errcode
- name: github.com/docker/docker
  version: 3b23f90339678b9e59ee95cb24b95f99bd458526
  subpackages:
  - api
  - api/types
  - api/types/blkiodev
  - api/types/container
  - api/types/events
  - api/types/filters
  - api/types/image
  - api/types/mount
  - api/types/network
  - api/types/registry
  - api/types/strslice
  - api/types/swarm
  - api/types/swarm/runtime
  - api/types/time
  - api/types/versions
  - api/types/volume
  - client
  - errdefs
- name: github.com/docker/go-connections
  version: fd1b1942c4d55f7f210a8387e612dc6ffee78ff6
  subpackages:
  - nat
  - sockets
  - tlsconfig
- name: github.com/docker/go-units
  version: 519db1ee28dcc9fd2474ae59fca29a810482bfb1
- name: github.com/dop251/goja
  version: bb8ee191fdd3b07ad3471fe09b09e96f32668e8e
  subpackages:
  - ast
  - file
  - parser
  - token
- name: github.com/dop251/goja_nodejs
  version: adff31b136e6b7e044712aab7236a775e1bd085e
  subpackages:
  - require
  - util
- name: github.com/dustin/go-humanize
  version: 9f541cc9db5d55bce703bd99987c9d5cb8eea45e
- name: github.com/eapache/go-resiliency
  version: b98ce2825f7276cc41027348986a241ef5d62fd8
  subpackages:
  - breaker
- name: github.com/eapache/go-xerial-snappy
  version: 776d5712da21bc4762676d614db1d8a64f4238b0
- name: github.com/eapache/queue
  version: 093482f3f8ce946c05bcba64badd2c82369e084d
- name: github.com/elastic/beats
  version: a4be71b90ce3e3b8213b616adfcd9e455513da45
  subpackages:
  - auditbeat/cmd
  - auditbeat/core
  - auditbeat/datastore
  - auditbeat/helper/hasher
  - filebeat/autodiscover
  - filebeat/autodiscover/builder/hints
  - filebeat/beater
  - filebeat/channel
  - filebeat/cmd
  - filebeat/config
  - filebeat/crawler
  - filebeat/fileset
  - filebeat/generator
  - filebeat/generator/fields
  - filebeat/generator/fileset
  - filebeat/generator/module
  - filebeat/harvester
  - filebeat/include
  - filebeat/input
  - filebeat/input/container
  - filebeat/input/docker
  - filebeat/input/file
  - filebeat/input/log
  - filebeat/input/redis
  - filebeat/input/stdin
  - filebeat/input/syslog
  - filebeat/input/tcp
  - filebeat/input/udp
  - filebeat/inputsource
  - filebeat/inputsource/tcp
  - filebeat/inputsource/udp
  - filebeat/module/apache
  - filebeat/module/auditd
  - filebeat/module/elasticsearch
  - filebeat/module/haproxy
  - filebeat/module/icinga
  - filebeat/module/iis
  - filebeat/module/kafka
  - filebeat/module/kibana
  - filebeat/module/logstash
  - filebeat/module/mongodb
  - filebeat/module/mysql
  - filebeat/module/nats
  - filebeat/module/nginx
  - filebeat/module/osquery
  - filebeat/module/postgresql
  - filebeat/module/redis
  - filebeat/module/santa
  - filebeat/module/system
  - filebeat/module/traefik
  - filebeat/processor/add_kubernetes_metadata
  - filebeat/registrar
  - filebeat/util
  - journalbeat/beater
  - journalbeat/checkpoint
  - journalbeat/cmd
  - journalbeat/cmd/instance
  - journalbeat/config
  - journalbeat/include
  - journalbeat/input
  - journalbeat/reader
  - libbeat/api
  - libbeat/asset
  - libbeat/autodiscover
  - libbeat/autodiscover/appenders/config
  - libbeat/autodiscover/builder
  - libbeat/autodiscover/meta
  - libbeat/autodiscover/providers/docker
  - libbeat/autodiscover/providers/jolokia
  - libbeat/autodiscover/providers/kubernetes
  - libbeat/autodiscover/template
  - libbeat/beat
  - libbeat/cfgfile
  - libbeat/cloudid
  - libbeat/cmd
  - libbeat/cmd/export
  - libbeat/cmd/instance
  - libbeat/cmd/test
  - libbeat/common
  - libbeat/common/atomic
  - libbeat/common/backoff
  - libbeat/common/bus
  - libbeat/common/cfgtype
  - libbeat/common/cfgwarn
  - libbeat/common/cli
  - libbeat/common/docker
  - libbeat/common/dtfmt
  - libbeat/common/file
  - libbeat/common/flowhash
  - libbeat/common/fmtstr
  - libbeat/common/jsontransform
  - libbeat/common/kafka
  - libbeat/common/kubernetes
  - libbeat/common/match
  - libbeat/common/reload
  - libbeat/common/safemapstr
  - libbeat/common/schema
  - libbeat/common/schema/mapstriface
  - libbeat/common/schema/mapstrstr
  - libbeat/common/seccomp
  - libbeat/common/streambuf
  - libbeat/common/terminal
  - libbeat/common/transport/tlscommon
  - libbeat/common/x509util
  - libbeat/conditions
  - libbeat/dashboards
  - libbeat/feature
  - libbeat/idxmgmt
  - libbeat/idxmgmt/ilm
  - libbeat/keystore
  - libbeat/kibana
  - libbeat/logp
  - libbeat/logp/configure
  - libbeat/management
  - libbeat/mapping
  - libbeat/metric/system/cpu
  - libbeat/metric/system/host
  - libbeat/metric/system/memory
  - libbeat/metric/system/process
  - libbeat/ml-importer
  - libbeat/monitoring
  - libbeat/monitoring/adapter
  - libbeat/monitoring/report
  - libbeat/monitoring/report/elasticsearch
  - libbeat/monitoring/report/log
  - libbeat/outputs
  - libbeat/outputs/codec
  - libbeat/outputs/codec/format
  - libbeat/outputs/codec/json
  - libbeat/outputs/console
  - libbeat/outputs/elasticsearch
  - libbeat/outputs/fileout
  - libbeat/outputs/kafka
  - libbeat/outputs/logstash
  - libbeat/outputs/outest
  - libbeat/outputs/outil
  - libbeat/outputs/redis
  - libbeat/outputs/transport
  - libbeat/paths
  - libbeat/plugin
  - libbeat/processors
  - libbeat/processors/actions
  - libbeat/processors/add_cloud_metadata
  - libbeat/processors/add_docker_metadata
  - libbeat/processors/add_host_metadata
  - libbeat/processors/add_kubernetes_metadata
  - libbeat/processors/add_locale
  - libbeat/processors/add_observer_metadata
  - libbeat/processors/add_process_metadata
  - libbeat/processors/checks
  - libbeat/processors/communityid
  - libbeat/processors/convert
  - libbeat/processors/decode_csv_fields
  - libbeat/processors/dissect
  - libbeat/processors/dns
  - libbeat/processors/extract_array
  - libbeat/processors/script
  - libbeat/processors/script/javascript
  - libbeat/processors/script/javascript/module
  - libbeat/processors/script/javascript/module/console
  - libbeat/processors/script/javascript/module/path
  - libbeat/processors/script/javascript/module/processor
  - libbeat/processors/script/javascript/module/require
  - libbeat/processors/timeseries
  - libbeat/processors/timestamp
  - libbeat/processors/util
  - libbeat/publisher
  - libbeat/publisher/includes
  - libbeat/publisher/pipeline
  - libbeat/publisher/processing
  - libbeat/publisher/queue
  - libbeat/publisher/queue/memqueue
  - libbeat/publisher/queue/spool
  - libbeat/reader
  - libbeat/reader/debug
  - libbeat/reader/multiline
  - libbeat/reader/readfile
  - libbeat/reader/readfile/encoding
  - libbeat/reader/readjson
  - libbeat/service
  - libbeat/template
  - libbeat/testing
  - libbeat/version
  - metricbeat/autodiscover
  - metricbeat/autodiscover/appender/kubernetes/token
  - metricbeat/autodiscover/builder/hints
  - metricbeat/beater
  - metricbeat/cmd
  - metricbeat/cmd/test
  - metricbeat/helper
  - metricbeat/helper/elastic
  - metricbeat/helper/prometheus
  - metricbeat/helper/server
  - metricbeat/helper/server/http
  - metricbeat/helper/server/tcp
  - metricbeat/helper/server/udp
  - metricbeat/helper/socket
  - metricbeat/include
  - metricbeat/include/fields
  - metricbeat/mb
  - metricbeat/mb/module
  - metricbeat/mb/parse
  - metricbeat/mb/testing
  - metricbeat/module/aerospike
  - metricbeat/module/aerospike/namespace
  - metricbeat/module/apache
  - metricbeat/module/apache/status
  - metricbeat/module/beat
  - metricbeat/module/beat/state
  - metricbeat/module/beat/stats
  - metricbeat/module/ceph
  - metricbeat/module/ceph/cluster_disk
  - metricbeat/module/ceph/cluster_health
  - metricbeat/module/ceph/cluster_status
  - metricbeat/module/ceph/monitor_health
  - metricbeat/module/ceph/osd_df
  - metricbeat/module/ceph/osd_tree
  - metricbeat/module/ceph/pool_disk
  - metricbeat/module/consul
  - metricbeat/module/consul/agent
  - metricbeat/module/couchbase
  - metricbeat/module/couchbase/bucket
  - metricbeat/module/couchbase/cluster
  - metricbeat/module/couchbase/node
  - metricbeat/module/couchdb
  - metricbeat/module/couchdb/server
  - metricbeat/module/docker
  - metricbeat/module/docker/container
  - metricbeat/module/docker/cpu
  - metricbeat/module/docker/diskio
  - metricbeat/module/docker/event
  - metricbeat/module/docker/healthcheck
  - metricbeat/module/docker/image
  - metricbeat/module/docker/info
  - metricbeat/module/docker/memory
  - metricbeat/module/docker/network
  - metricbeat/module/dropwizard
  - metricbeat/module/dropwizard/collector
  - metricbeat/module/elasticsearch
  - metricbeat/module/elasticsearch/ccr
  - metricbeat/module/elasticsearch/cluster_stats
  - metricbeat/module/elasticsearch/index
  - metricbeat/module/elasticsearch/index_recovery
  - metricbeat/module/elasticsearch/index_summary
  - metricbeat/module/elasticsearch/ml_job
  - metricbeat/module/elasticsearch/node
  - metricbeat/module/elasticsearch/node_stats
  - metricbeat/module/elasticsearch/pending_tasks
  - metricbeat/module/elasticsearch/shard
  - metricbeat/module/envoyproxy
  - metricbeat/module/envoyproxy/server
  - metricbeat/module/etcd
  - metricbeat/module/etcd/leader
  - metricbeat/module/etcd/metrics
  - metricbeat/module/etcd/self
  - metricbeat/module/etcd/store
  - metricbeat/module/golang
  - metricbeat/module/golang/expvar
  - metricbeat/module/golang/heap
  - metricbeat/module/graphite
  - metricbeat/module/graphite/server
  - metricbeat/module/haproxy
  - metricbeat/module/haproxy/info
  - metricbeat/module/haproxy/stat
  - metricbeat/module/http
  - metricbeat/module/http/json
  - metricbeat/module/http/server
  - metricbeat/module/jolokia
  - metricbeat/module/jolokia/jmx
  - metricbeat/module/kafka
  - metricbeat/module/kafka/consumergroup
  - metricbeat/module/kafka/partition
  - metricbeat/module/kibana
  - metricbeat/module/kibana/stats
  - metricbeat/module/kibana/status
  - metricbeat/module/kubernetes
  - metricbeat/module/kubernetes/apiserver
  - metricbeat/module/kubernetes/container
  - metricbeat/module/kubernetes/controllermanager
  - metricbeat/module/kubernetes/event
  - metricbeat/module/kubernetes/node
  - metricbeat/module/kubernetes/pod
  - metricbeat/module/kubernetes/proxy
  - metricbeat/module/kubernetes/scheduler
  - metricbeat/module/kubernetes/state_container
  - metricbeat/module/kubernetes/state_deployment
  - metricbeat/module/kubernetes/state_node
  - metricbeat/module/kubernetes/state_pod
  - metricbeat/module/kubernetes/state_replicaset
  - metricbeat/module/kubernetes/state_statefulset
  - metricbeat/module/kubernetes/system
  - metricbeat/module/kubernetes/util
  - metricbeat/module/kubernetes/volume
  - metricbeat/module/kvm
  - metricbeat/module/kvm/dommemstat
  - metricbeat/module/logstash
  - metricbeat/module/logstash/node
  - metricbeat/module/logstash/node_stats
  - metricbeat/module/memcached
  - metricbeat/module/memcached/stats
  - metricbeat/module/mongodb
  - metricbeat/module/mongodb/collstats
  - metricbeat/module/mongodb/dbstats
  - metricbeat/module/mongodb/metrics
  - metricbeat/module/mongodb/replstatus
  - metricbeat/module/mongodb/status
  - metricbeat/module/munin
  - metricbeat/module/munin/node
  - metricbeat/module/mysql
  - metricbeat/module/mysql/galera_status
  - metricbeat/module/mysql/status
  - metricbeat/module/nats
  - metricbeat/module/nats/connections
  - metricbeat/module/nats/routes
  - metricbeat/module/nats/stats
  - metricbeat/module/nats/subscriptions
  - metricbeat/module/nginx
  - metricbeat/module/nginx/stubstatus
  - metricbeat/module/php_fpm
  - metricbeat/module/php_fpm/pool
  - metricbeat/module/php_fpm/process
  - metricbeat/module/postgresql
  - metricbeat/module/postgresql/activity
  - metricbeat/module/postgresql/bgwriter
  - metricbeat/module/postgresql/database
  - metricbeat/module/postgresql/statement
  - metricbeat/module/prometheus
  - metricbeat/module/prometheus/collector
  - metricbeat/module/rabbitmq
  - metricbeat/module/rabbitmq/connection
  - metricbeat/module/rabbitmq/exchange
  - metricbeat/module/rabbitmq/node
  - metricbeat/module/rabbitmq/queue
  - metricbeat/module/redis
  - metricbeat/module/redis/info
  - metricbeat/module/redis/key
  - metricbeat/module/redis/keyspace
  - metricbeat/module/system
  - metricbeat/module/system/core
  - metricbeat/module/system/cpu
  - metricbeat/module/system/diskio
  - metricbeat/module/system/entropy
  - metricbeat/module/system/filesystem
  - metricbeat/module/system/fsstat
  - metricbeat/module/system/load
  - metricbeat/module/system/memory
  - metricbeat/module/system/network
  - metricbeat/module/system/process
  - metricbeat/module/system/process_summary
  - metricbeat/module/system/raid
  - metricbeat/module/system/raid/blockinfo
  - metricbeat/module/system/socket
  - metricbeat/module/system/socket_summary
  - metricbeat/module/system/uptime
  - metricbeat/module/traefik
  - metricbeat/module/traefik/health
  - metricbeat/module/uwsgi
  - metricbeat/module/uwsgi/status
  - metricbeat/module/vsphere
  - metricbeat/module/vsphere/datastore
  - metricbeat/module/vsphere/host
  - metricbeat/module/vsphere/virtualmachine
  - metricbeat/module/windows
  - metricbeat/module/windows/perfmon
  - metricbeat/module/windows/service
  - metricbeat/module/zookeeper
  - metricbeat/module/zookeeper/connection
  - metricbeat/module/zookeeper/mntr
  - metricbeat/module/zookeeper/server
  - metricbeat/processor/add_kubernetes_metadata
  - packetbeat/beater
  - packetbeat/cmd
  - packetbeat/config
  - packetbeat/decoder
  - packetbeat/flows
  - packetbeat/include
  - packetbeat/pb
  - packetbeat/processor/add_kubernetes_metadata
  - packetbeat/procs
  - packetbeat/protos
  - packetbeat/protos/amqp
  - packetbeat/protos/applayer
  - packetbeat/protos/cassandra
  - packetbeat/protos/cassandra/internal/gocql
  - packetbeat/protos/dhcpv4
  - packetbeat/protos/dns
  - packetbeat/protos/http
  - packetbeat/protos/icmp
  - packetbeat/protos/memcache
  - packetbeat/protos/mongodb
  - packetbeat/protos/mysql
  - packetbeat/protos/nfs
  - packetbeat/protos/pgsql
  - packetbeat/protos/redis
  - packetbeat/protos/tcp
  - packetbeat/protos/thrift
  - packetbeat/protos/tls
  - packetbeat/protos/udp
  - packetbeat/publish
  - packetbeat/sniffer
  - winlogbeat/beater
  - winlogbeat/checkpoint
  - winlogbeat/cmd
  - winlogbeat/config
  - winlogbeat/eventlog
  - winlogbeat/include
  - winlogbeat/processors/script/javascript/module/winlogbeat
  - winlogbeat/sys
  - winlogbeat/sys/eventlogging
  - winlogbeat/sys/wineventlog
  - x-pack/auditbeat/cache
  - x-pack/auditbeat/cmd
  - x-pack/auditbeat/include
  - x-pack/auditbeat/module/system
  - x-pack/auditbeat/module/system/host
  - x-pack/auditbeat/module/system/login
  - x-pack/auditbeat/module/system/package
  - x-pack/auditbeat/module/system/process
  - x-pack/auditbeat/module/system/socket
  - x-pack/auditbeat/module/system/user
  - x-pack/filebeat/cmd
  - x-pack/filebeat/include
  - x-pack/filebeat/input/googlepubsub
  - x-pack/filebeat/input/netflow
  - x-pack/filebeat/input/netflow/decoder
  - x-pack/filebeat/input/netflow/decoder/atomic
  - x-pack/filebeat/input/netflow/decoder/config
  - x-pack/filebeat/input/netflow/decoder/fields
  - x-pack/filebeat/input/netflow/decoder/ipfix
  - x-pack/filebeat/input/netflow/decoder/protocol
  - x-pack/filebeat/input/netflow/decoder/record
  - x-pack/filebeat/input/netflow/decoder/template
  - x-pack/filebeat/input/netflow/decoder/v1
  - x-pack/filebeat/input/netflow/decoder/v5
  - x-pack/filebeat/input/netflow/decoder/v6
  - x-pack/filebeat/input/netflow/decoder/v7
  - x-pack/filebeat/input/netflow/decoder/v8
  - x-pack/filebeat/input/netflow/decoder/v9
  - x-pack/filebeat/module/cisco
  - x-pack/filebeat/module/coredns
  - x-pack/filebeat/module/envoyproxy
  - x-pack/filebeat/module/googlecloud
  - x-pack/filebeat/module/iptables
  - x-pack/filebeat/module/mssql
  - x-pack/filebeat/module/netflow
  - x-pack/filebeat/module/panw
  - x-pack/filebeat/module/rabbitmq
  - x-pack/filebeat/module/suricata
  - x-pack/filebeat/module/zeek
  - x-pack/functionbeat/beater
  - x-pack/functionbeat/cmd
  - x-pack/functionbeat/config
  - x-pack/functionbeat/core
  - x-pack/functionbeat/core/bundle
  - x-pack/functionbeat/include
  - x-pack/functionbeat/provider
  - x-pack/functionbeat/provider/aws
  - x-pack/functionbeat/provider/aws/transformer
  - x-pack/functionbeat/provider/local
  - x-pack/journalbeat/cmd
  - x-pack/libbeat/cmd
  - x-pack/libbeat/licenser
  - x-pack/libbeat/management
  - x-pack/libbeat/management/api
  - x-pack/metricbeat/beater
  - x-pack/metricbeat/cmd
  - x-pack/metricbeat/include
  - x-pack/metricbeat/mb
  - x-pack/metricbeat/module/aws
  - x-pack/metricbeat/module/aws/cloudwatch
  - x-pack/metricbeat/module/aws/ec2
  - x-pack/metricbeat/module/aws/rds
  - x-pack/metricbeat/module/aws/s3_daily_storage
  - x-pack/metricbeat/module/aws/s3_request
  - x-pack/metricbeat/module/aws/sqs
  - x-pack/metricbeat/module/cockroachdb
  - x-pack/metricbeat/module/coredns
  - x-pack/metricbeat/module/coredns/stats
  - x-pack/metricbeat/module/mssql
  - x-pack/metricbeat/module/mssql/performance
  - x-pack/metricbeat/module/mssql/transaction_log
  - x-pack/metricbeat/module/oracle
  - x-pack/metricbeat/module/oracle/tablespace
  - x-pack/packetbeat/cmd
  - x-pack/winlogbeat/cmd
- name: github.com/elastic/ecs
  version: f609a30b8f8cc18709e93a23d7990dfab5a58d5d
  subpackages:
  - code/go/ecs
- name: github.com/elastic/go-lumber
  version: 23fbfb3f47e548082d5287a2c106303b31504b17
  subpackages:
  - client/v2
  - protocol/v2
- name: github.com/elastic/go-seccomp-bpf
  version: 61e3d673bfca5e98d9ac21897311f655b3c3867e
  subpackages:
  - arch
- name: github.com/elastic/go-structform
  version: a50e916a1b628ad1abc6f58b47668a2f60075ef1
  subpackages:
  - cborl
  - gotype
  - internal/unsafe
  - json
  - ubjson
  - visitors
- name: github.com/elastic/go-sysinfo
  version: 51d9d1362d77a4792dfb39a7a19f056cdf1b9840
  subpackages:
  - internal/registry
  - providers/darwin
  - providers/linux
  - providers/shared
  - providers/windows
  - types
- name: github.com/elastic/go-txfile
  version: e2fc122b4abbae26eb7c352f77cdd9eae5aa8a5f
  subpackages:
  - internal/cleanup
  - internal/invariant
  - internal/iter
  - internal/strbld
  - internal/tracelog
  - internal/vfs
  - internal/vfs/osfs
  - pq
  - txerr
- name: github.com/elastic/go-ucfg
  version: c5859d30d9ff1bf630e2dfbe1498ad3d1b7607ab
  subpackages:
  - cfgutil
  - flag
  - internal/parse
  - json
  - yaml
- name: github.com/elastic/go-windows
  version: 8c929792e70203792e3baf128c380e28754ae8b5
- name: github.com/elastic/gosigar
  version: 7aef3366157f2bfdf3e068f73ce7193573e88e0c
  subpackages:
  - cgroup
  - sys
  - sys/linux
  - sys/windows
- name: github.com/ericchiang/k8s
  version: 08b7bf46703ad24b5420601bf6df6d69b4b74201
  subpackages:
  - apis/apps/v1beta1
  - apis/core/v1
  - apis/extensions/v1beta1
  - apis/meta/v1
  - apis/resource
  - runtime
  - runtime/schema
  - util/intstr
- name: github.com/fatih/color
  version: 3f9d52f7176a6927daacff70a3e8d1dc2025c53e
- name: github.com/garyburd/redigo
  version: 569eae59ada904ea8db7a225c2b47165af08735a
  subpackages:
  - internal
  - redis
- name: github.com/ghodss/yaml
  version: 25d852aebe32c875e9c044af3eef9c7dc6bc777f
- name: github.com/go-ole/go-ole
  version: 938323a72016e9cf84fa5fba7635089efb0ad87f
  subpackages:
  - oleutil
- name: github.com/go-sourcemap/sourcemap
  version: b019cc30c1eaa584753491b0d8f8c1534bf1eb44
  subpackages:
  - internal/base64vlq
- name: github.com/go-sql-driver/mysql
  version: d9aa6d3abe0f1072adb4aa71e1eb1d3eb3d3921c
- name: github.com/gocarina/gocsv
  version: 020a928c6f4eb7feeb698885fe965f1e20b5deb3
- name: github.com/gofrs/uuid
  version: abfe1881e60ef34074c1b8d8c63b42565c356ed6
- name: github.com/gogo/protobuf
  version: 65acae22fc9d1fe290b33faa2bd64cdc20a463a0
  subpackages:
  - proto
- name: github.com/golang-sql/civil
  version: cb61b32ac6fe84d34b81730175f91965e43d0f90
- name: github.com/golang/groupcache
  version: 02826c3e79038b59d737d3b1c0a1d937f71a4433
  subpackages:
  - lru
- name: github.com/golang/protobuf
  version: b5d812f8a3706043e23a9cd5babf2e5423744d30
  subpackages:
  - proto
  - protoc-gen-go
  - protoc-gen-go/descriptor
  - protoc-gen-go/generator
  - protoc-gen-go/generator/internal/remap
  - protoc-gen-go/grpc
  - protoc-gen-go/plugin
  - ptypes
  - ptypes/any
  - ptypes/duration
  - ptypes/empty
  - ptypes/timestamp
- name: github.com/golang/snappy
  version: ff6b7dc882cf4cfba7ee0b9f7dcc1ac096c554aa
- name: github.com/googleapis/gax-go
  version: e188373134855d5f7f186c9e710cd7323eac1ebc
  subpackages:
  - v2
- name: github.com/hashicorp/go-uuid
  version: 4f571afc59f3043a65f8fe6bf46d887b10a01d43
- name: github.com/imdario/mergo
  version: 4c317f2286be3bd0c4f1a0e622edc6398ec4656d
- name: github.com/inconshreveable/mousetrap
  version: 76626ae9c91c4f2a10f34cad8ce83ea42c93bb75
- name: github.com/insomniacslk/dhcp
  version: 393ae75a101b4e8d93f82dd7242401dd50ac0868
  subpackages:
  - dhcpv4
  - iana
  - rfc1035label
- name: github.com/jcmturner/gofork
  version: dc7c13fece037a4a36e2b3c69db4991498d30692
  subpackages:
  - encoding/asn1
  - x/crypto/pbkdf2
- name: github.com/jmespath/go-jmespath
  version: c2b33e8439af944379acbdd9c3a5fe0bc44bd8a5
- name: github.com/joeshaw/multierror
  version: 69b34d4ec901851247ae7e77d33909caf9df99ed
- name: github.com/jstemmer/go-junit-report
  version: af01ea7f8024089b458d804d5cdf190f962a9a0c
  subpackages:
  - formatter
  - parser
- name: github.com/klauspost/compress
  version: fdc46f09595ea8241b9bfe291bbc868a7af19e10
  subpackages:
  - flate
  - fse
  - huff0
  - snappy
  - zlib
  - zstd
  - zstd/internal/xxhash
- name: github.com/klauspost/cpuid
  version: cf2ded4aa83357cbc18366e6e1c64eda3c26eaf2
- name: github.com/konsorten/go-windows-terminal-sequences
  version: f55edac94c9bbba5d6182a4be46d86a2c9b5b50e
- name: github.com/kubernetes/apimachinery
  version: 461753078381c979582f217a28eb759ebee5295d
  subpackages:
  - pkg/api/resource
- name: github.com/lib/pq
  version: 78223426e7c66d631117c0a9da1b7f3fde4d23a5
  subpackages:
  - oid
  - scram
- name: github.com/mattn/go-colorable
  version: 388941e3ea99c461d2bc2747eaf27741b6dda096
- name: github.com/mattn/go-isatty
  version: bf9a1dea1961e1d831824fb135332bfb8c10e8b8
- name: github.com/matttproud/golang_protobuf_extensions
  version: c182affec369e30f25d3eb8cd8a478dee585ae7d
  subpackages:
  - pbutil
- name: github.com/Microsoft/go-winio
  version: 6c72808b55902eae4c5943626030429ff20f3b63
  subpackages:
  - pkg/guid
- name: github.com/miekg/dns
  version: c67445656579a3c3836047c509073f97022da0ed
- name: github.com/mitchellh/hashstructure
  version: a38c50148365edc8df43c1580c48fb2b3a1e9cd7
- name: github.com/mitchellh/mapstructure
  version: 3536a929edddb9a5b34bd6861dc4a9647cb459fe
- name: github.com/OneOfOne/xxhash
  version: c1e3185f167680b62832a0a11938a04b1ab265fc
- name: github.com/opencontainers/go-digest
  version: ac19fd6e7483ff933754af248d80be865e543d22
- name: github.com/opencontainers/image-spec
  version: 775207bd45b6cb8153ce218cc59351799217451f
  subpackages:
  - specs-go
  - specs-go/v1
- name: github.com/pierrec/lz4
  version: 21241797f8cd81af1b8dde3323c6f805799d053e
  subpackages:
  - internal/xxh32
- name: github.com/pkg/errors
  version: 27936f6d90f9c8e1145f11ed52ffffbfdb9e0af7
- name: github.com/pmezard/go-difflib
  version: 792786c7400a136282c1664665ae0a8db921c6c2
  subpackages:
  - difflib
- name: github.com/prometheus/client_model
  version: 14fe0d1b01d4d5fc031dd4bec1823bd3ebbe8016
  subpackages:
  - go
- name: github.com/prometheus/common
  version: e8215224146358493faab0295ce364cd386223b9
  subpackages:
  - expfmt
  - internal/bitbucket.org/ww/goautoneg
  - model
- name: github.com/prometheus/procfs
  version: 8845b772bd6888b22f1e903e5f15bfbe43c98ddc
  subpackages:
  - internal/fs
  - internal/util
- name: github.com/rcrowley/go-metrics
  version: cac0b30c2563378d434b5af411844adff8e32960
- name: github.com/samuel/go-thrift
  version: e8b6b52668fe9c972220addc130edf46a9b466b1
  subpackages:
  - parser
- name: github.com/sanathkr/go-yaml
  version: ed9d249f429b3f5a69f80a7abef6bfce81fef894
- name: github.com/sanathkr/yaml
  version: 0056894fa522748ca336761ffeeeb6bbae654d07
- name: github.com/shirou/gopsutil
  version: e4ec7b275ada47ca32799106c2dba142d96aaf93
  subpackages:
  - disk
  - internal/common
  - net
- name: github.com/Shopify/sarama
  version: 6cdd596cc93ab38caacd55ec7f18d8252b6fc7fc
- name: github.com/sirupsen/logrus
  version: de736cf91b921d56253b4010270681d33fdf7cb5
- name: github.com/spaolacci/murmur3
  version: 539464a789e9b9f01bc857458ffe2c5c1a2ed382
- name: github.com/spf13/cobra
  version: b80588d523ec50c7fee20218426cf2ff70920f06
- name: github.com/spf13/pflag
  version: 972238283c0625cf3e881de7699ba8f2524c340a
- name: github.com/StackExchange/wmi
  version: cbe66965904dbe8a6cd589e2298e5d8b986bd7dd
- name: github.com/stretchr/testify
  version: ffdc059bfe9ce6a4e144ba849dbedead332c6053
  subpackages:
  - assert
- name: github.com/theckman/go-flock
  version: 5135e617513b1e6e205a3a89b042249dee6730c8
- name: github.com/tsg/gopacket
  version: dd3d0e41124a90ef5fcb14ece1b5e5922c8f8aa3
  subpackages:
  - afpacket
  - layers
  - pcap
- name: github.com/u-root/u-root
  version: 835a30a9ad301f10dac5a571e71396c5d25f3e46
  subpackages:
  - pkg/rand
  - pkg/ubinary
  - pkg/uio
- name: github.com/urso/go-bin
  version: 781c575c9f0eb3cb9dca94521bd7ad7d5aec7fd4
- name: github.com/valyala/gozstd
  version: cbe65a805563f7b49c112b1e3719fb5c5895913e
- name: github.com/vmware/govmomi
  version: c183577ba3eda413ba786f282f7088d35506a362
  subpackages:
  - nfc
  - object
  - property
  - session
  - task
  - view
  - vim25
  - vim25/debug
  - vim25/methods
  - vim25/mo
  - vim25/progress
  - vim25/soap
  - vim25/types
  - vim25/xml
- name: github.com/yuin/gopher-lua
  version: 1cd887cd7036fd4be7a0cb180dd508cb8e2e689a
  subpackages:
  - ast
  - parse
  - pm
- name: go.opencensus.io
  version: 59d1ce35d30f3c25ba762169da2a37eab6ffa041
  subpackages:
  - internal
  - internal/tagencoding
  - metric/metricdata
  - metric/metricproducer
  - plugin/ocgrpc
  - plugin/ochttp
  - plugin/ochttp/propagation/b3
  - resource
  - stats
  - stats/internal
  - stats/view
  - tag
  - trace
  - trace/internal
  - trace/propagation
  - trace/tracestate
- name: go.uber.org/atomic
  version: df976f2515e274675050de7b3f42545de80594fd
- name: go.uber.org/multierr
  version: 3c4937480c32f4c13a875a1829af76c98ca3d40a
- name: go.uber.org/zap
  version: 425214515ff452748375576b20c82524849177c6
  subpackages:
  - buffer
  - internal/bufferpool
  - internal/color
  - internal/exit
  - zapcore
  - zaptest/observer
- name: golang.org/x/crypto
  version: 9756ffdc24725223350eb3266ffb92590d28f278
  subpackages:
  - blake2b
  - ed25519
  - ed25519/internal/edwards25519
  - md4
  - pbkdf2
  - sha3
  - ssh/terminal
- name: golang.org/x/exp
  version: c13cbed26979984b7dddd468b78daf72f8b4b473
  subpackages:
  - apidiff
  - cmd/apidiff
- name: golang.org/x/lint
  version: 959b441ac422379a43da2230f62be024250818b0
  subpackages:
  - golint
- name: golang.org/x/net
  version: cdfb69ac37fc6fa907650654115ebebb3aae2087
  subpackages:
  - bpf
  - context
  - context/ctxhttp
  - http/httpguts
  - http2
  - http2/hpack
  - idna
  - internal/iana
  - internal/socket
  - internal/socks
  - internal/timeseries
  - ipv4
  - ipv6
  - netutil
  - proxy
  - publicsuffix
  - trace
- name: golang.org/x/oauth2
  version: 0f29369cfe4552d0e4bcddc57cc75f4d7e672a33
  subpackages:
  - google
  - internal
  - jws
  - jwt
- name: golang.org/x/sync
  version: 42b317875d0fa942474b76e1b46a6060d720ae6e
  subpackages:
  - errgroup
  - semaphore
- name: golang.org/x/sys
  version: 3b5209105503162ded1863c307ac66fec31120dd
  subpackages:
  - cpu
  - unix
  - windows
  - windows/registry
  - windows/svc
  - windows/svc/debug
  - windows/svc/eventlog
- name: golang.org/x/text
  version: e6919f6577db79269a6443b9dc46d18f2238fb5d
  subpackages:
  - cases
  - collate
  - encoding
  - encoding/charmap
  - encoding/htmlindex
  - encoding/internal
  - encoding/internal/identifier
  - encoding/japanese
  - encoding/korean
  - encoding/simplifiedchinese
  - encoding/traditionalchinese
  - encoding/unicode
  - internal
  - internal/colltab
  - internal/language
  - internal/language/compact
  - internal/tag
  - internal/utf8internal
  - language
  - runes
  - secure/bidirule
  - transform
  - unicode/bidi
  - unicode/norm
- name: golang.org/x/time
  version: 9d24e82272b4f38b78bc8cff74fa936d31ccd8ef
  subpackages:
  - rate
- name: golang.org/x/tools
  version: 6c7e314b6563ee0a4dc169c7ee9960e0b709c035
  subpackages:
  - cmd/goimports
  - go/analysis
  - go/analysis/passes/inspect
  - go/ast/astutil
  - go/ast/inspector
  - go/buildutil
  - go/gcexportdata
  - go/internal/cgo
  - go/internal/gcimporter
  - go/packages
  - go/types/objectpath
  - go/types/typeutil
  - imports
  - internal/fastwalk
  - internal/gopathwalk
  - internal/semver
- name: golang.org/x/xerrors
  version: a985d3407aa71f30cf86696ee0a2f409709f22e1
  subpackages:
  - internal
- name: google.golang.org/api
  version: c5ff4101c09da19daa147f5d98245a08bfea9838
  subpackages:
  - googleapi/transport
  - internal
  - iterator
  - option
  - support/bundler
  - transport
  - transport/grpc
  - transport/http
  - transport/http/internal/propagation
- name: google.golang.org/appengine
  version: 5f2a59506353b8d5ba8cbbcd9f3c1f41f1eaf079
  subpackages:
  - cloudsql
  - internal
  - internal/app_identity
  - internal/base
  - internal/datastore
  - internal/log
  - internal/modules
  - internal/remote_api
  - internal/socket
  - internal/urlfetch
  - socket
  - urlfetch
- name: google.golang.org/genproto
  version: 92dd089d5514cecde7a465f807541f83dfd486d5
  subpackages:
  - googleapis/api/annotations
  - googleapis/iam/v1
  - googleapis/pubsub/v1
  - googleapis/rpc/status
  - googleapis/type/expr
  - protobuf/field_mask
- name: google.golang.org/grpc
  version: 74f33a446dd3c95a64a1e8fe7916f73ec70b0a6c
  subpackages:
  - balancer
  - balancer/base
  - balancer/grpclb
  - balancer/grpclb/grpc_lb_v1
  - balancer/roundrobin
  - binarylog/grpc_binarylog_v1
  - codes
  - connectivity
  - credentials
  - credentials/alts
  - credentials/alts/internal
  - credentials/alts/internal/authinfo
  - credentials/alts/internal/conn
  - credentials/alts/internal/handshaker
  - credentials/alts/internal/handshaker/service
  - credentials/alts/internal/proto/grpc_gcp
  - credentials/google
  - credentials/internal
  - credentials/oauth
  - encoding
  - encoding/proto
  - grpclog
  - internal
  - internal/backoff
  - internal/balancerload
  - internal/binarylog
  - internal/channelz
  - internal/envconfig
  - internal/grpcrand
  - internal/grpcsync
  - internal/syscall
  - internal/transport
  - keepalive
  - metadata
  - naming
  - peer
  - resolver
  - resolver/dns
  - resolver/passthrough
  - serviceconfig
  - stats
  - status
  - tap
- name: gopkg.in/goracle.v2
  version: 79bfb3096bdb0ab45a08bde8d603224a5ffc80e4
- name: gopkg.in/inf.v0
  version: 3887ee99ecf07df5b447e9b00d9c0b2adaa9f3e4
- name: gopkg.in/jcmturner/aescts.v1
  version: f6abebb3171c4c1b1fea279cb7c7325020a26290
- name: gopkg.in/jcmturner/dnsutils.v1
  version: 13eeb8d49ffb74d7a75784c35e4d900607a3943c
- name: gopkg.in/jcmturner/gokrb5.v7
  version: 363118e62befa8a14ff01031c025026077fe5d6d
  subpackages:
  - asn1tools
  - client
  - config
  - credentials
  - crypto
  - crypto/common
  - crypto/etype
  - crypto/rfc3961
  - crypto/rfc3962
  - crypto/rfc4757
  - crypto/rfc8009
  - gssapi
  - iana
  - iana/addrtype
  - iana/adtype
  - iana/asnAppTag
  - iana/chksumtype
  - iana/errorcode
  - iana/etypeID
  - iana/flags
  - iana/keyusage
  - iana/msgtype
  - iana/nametype
  - iana/patype
  - kadmin
  - keytab
  - krberror
  - messages
  - pac
  - types
- name: gopkg.in/jcmturner/rpc.v1
  version: 99a8ce2fbf8b8087b6ed12a37c61b10f04070043
  subpackages:
  - mstypes
  - ndr
- name: gopkg.in/mgo.v2
  version: a6b53ec6cb22a3699387a57a161566f9402ee85b
  subpackages:
  - bson
  - internal/json
  - internal/sasl
  - internal/scram
- name: gopkg.in/yaml.v2
  version: 51d6538a90f86fe93ac480b35f37b2be17fef232
- name: honnef.co/go/tools
  version: 00664db7fdb567f0b2efbbcdb7d9ed23f7135468
  subpackages:
  - arg
  - cmd/staticcheck
  - config
  - deprecated
  - facts
  - functions
  - go/types/typeutil
  - internal/cache
  - internal/passes/buildssa
  - internal/renameio
  - internal/robustio
  - internal/sharedcheck
  - lint
  - lint/lintdsl
  - lint/lintutil
  - lint/lintutil/format
  - loader
  - pattern
  - printf
  - simple
  - ssa
  - ssautil
  - staticcheck
  - staticcheck/vrp
  - stylecheck
  - unused
  - version
- name: howett.net/plist
  version: 591f970eefbbeb04d7b37f334a0c4c3256e32876
testImports: []
